{
  "object": {
    "pins": [
      {
        "package": "IndexStoreDB",
        "repositoryURL": "https://github.com/apple/indexstore-db.git",
        "state": {
          "branch": "release/5.3",
          "revision": "58b306e0274155911dd4957945fd7e630798fec5",
          "version": null
        }
      },
      {
        "package": "swift-argument-parser",
        "repositoryURL": "https://github.com/apple/swift-argument-parser.git",
        "state": {
          "branch": "master",
          "revision": "85196ee1d824d16b3f7f9870404b4b286e7c050e",
          "version": null
        }
      },
      {
        "package": "SwiftSyntax",
        "repositoryURL": "https://github.com/apple/swift-syntax.git",
        "state": {
          "branch": null,
          "revision": "844574d683f53d0737a9c6d706c3ef31ed2955eb",
          "version": "0.50300.0"
        }
      },
      {
        "package": "swift-tools-support-core",
        "repositoryURL": "https://github.com/apple/swift-tools-support-core.git",
        "state": {
          "branch": "master",
          "revision": "5ec233eef8dd4df8c2bbf2b8b511a59ff3898a5d",
          "version": null
        }
      },
      {
        "package": "Yams",
        "repositoryURL": "https://github.com/jpsim/Yams.git",
        "state": {
          "branch": null,
          "revision": "c947a306d2e80ecb2c0859047b35c73b8e1ca27f",
          "version": "2.0.0"
        }
      }
    ]
  },
  "version": 1
}
