{
  "object": {
    "pins": [
      {
        "package": "IndexStoreDB",
        "repositoryURL": "https://github.com/apple/indexstore-db.git",
        "state": {
          "branch": "swift-5.1-branch",
          "revision": "5960ba789ea7983516c7d419ad73ae264fced8ed",
          "version": null
        }
      },
      {
        "package": "Path.swift",
        "repositoryURL": "https://github.com/mxcl/Path.swift.git",
        "state": {
          "branch": null,
          "revision": "f324b4a562ca421fd2905414a10fb0fc91d58b67",
          "version": "0.16.2"
        }
      },
      {
        "package": "llbuild",
        "repositoryURL": "https://github.com/apple/swift-llbuild.git",
        "state": {
          "branch": "master",
          "revision": "80d1ec121a00b2b428314aeff57ca26fc0059f6f",
          "version": null
        }
      },
      {
        "package": "SwiftPM",
        "repositoryURL": "https://github.com/apple/swift-package-manager.git",
        "state": {
          "branch": "master",
          "revision": "528da5147ca82164acbd4cecdc8e69322d96d3e2",
          "version": null
        }
      },
      {
        "package": "SwiftSyntax",
        "repositoryURL": "https://github.com/apple/swift-syntax.git",
        "state": {
          "branch": null,
          "revision": "3e3eb191fcdbecc6031522660c4ed6ce25282c25",
          "version": "0.50100.0"
        }
      },
      {
        "package": "Yams",
        "repositoryURL": "https://github.com/jpsim/Yams.git",
        "state": {
          "branch": null,
          "revision": "c947a306d2e80ecb2c0859047b35c73b8e1ca27f",
          "version": "2.0.0"
        }
      }
    ]
  },
  "version": 1
}
